%{
  "artificery": {:hex, :artificery, "0.2.6", "f602909757263f7897130cbd006b0e40514a541b148d366ad65b89236b93497a", [:mix], [], "hexpm"},
  "clique": {:git, "https://github.com/emqx/clique", "73fc5275fc5cf95b7fe39eda8a93bf50f1bd80cc", [branch: "develop"]},
  "cowboy": {:hex, :cowboy, "2.4.0", "f1b72fabe9c8a5fc64ac5ac85fb65474d64733d1df52a26fad5d4ba3d9f70a9f", [:rebar3], [{:cowlib, "~> 2.3.0", [hex: :cowlib, repo: "hexpm", optional: false]}, {:ranch, "~> 1.5.0", [hex: :ranch, repo: "hexpm", optional: false]}], "hexpm"},
  "cowlib": {:hex, :cowlib, "2.3.0", "bbd58ef537904e4f7c1dd62e6aa8bc831c8183ce4efa9bd1150164fe15be4caa", [:rebar3], [], "hexpm"},
  "cuttlefish": {:git, "https://github.com/emqx/cuttlefish", "871e1dc20e93c58c8d63b4b6329b7640a8c3cd7f", [branch: "emqx30"]},
  "datum": {:git, "https://github.com/fogfish/datum", "f78c8f71ed88ad8ab327eadd7efbd5cc5061757a", [branch: "master"]},
  "dialyzex": {:hex, :dialyzex, "1.2.1", "6a4f28f755882aba7b9aa53f874f636f1aa764d8b0424d74e22827a842a06f94", [:mix], [], "hexpm"},
  "distillery": {:hex, :distillery, "2.0.10", "e9f1f1d3f4a89996a3e1a555872feed8a3a73e3d10b51886941382d29ca58f99", [:mix], [{:artificery, "~> 0.2", [hex: :artificery, repo: "hexpm", optional: false]}], "hexpm"},
  "ekka": {:git, "https://github.com/emqx/ekka", "1b65acc2f57394a5249986692ee2ea320b63aa27", [tag: "v0.4.1"]},
  "emqx": {:git, "https://github.com/xlhybridsoss/emqx.git", "4be71d21d8838945847bed7bdef2a5d974ceb3da", [branch: "lager-tag"]},
  "erlkaf": {:git, "https://github.com/silviucpp/erlkaf.git", "820c8834c99d0b340836ed48c697042638900f1c", [branch: "master"]},
  "esockd": {:git, "https://github.com/emqx/esockd", "da9a181943235ec1a2adefa451fd51ac1c567874", [tag: "v5.4.2"]},
  "esq": {:git, "https://github.com/fogfish/esq.git", "d4c220695f2ca538e0e2b10ef33d93ddf8753ec7", [ref: "d4c220695f2ca538e0e2b10ef33d93ddf8753ec7"]},
  "feta": {:git, "https://github.com/fogfish/feta", "c5d251b3f995b96afd5e8ec7da61516842aa658c", [branch: "master"]},
  "gen_rpc": {:git, "https://github.com/emqx/gen_rpc", "4ede6f062446f0f5f3594c068ca8ad2293bc8b47", [tag: "2.2.0"]},
  "getopt": {:git, "https://github.com/basho/getopt.git", "388dc95caa7fb97ec7db8cfc39246a36aba61bd8", [tag: "v0.8.2"]},
  "goldrush": {:hex, :goldrush, "0.1.9", "f06e5d5f1277da5c413e84d5a2924174182fb108dabb39d5ec548b27424cd106", [:rebar3], [], "hexpm"},
  "gproc": {:hex, :gproc, "0.8.0", "cea02c578589c61e5341fce149ea36ccef236cc2ecac8691fba408e7ea77ec2f", [:rebar3], [], "hexpm"},
  "jsone": {:git, "https://github.com/sile/jsone.git", "e273151504fbb1201f3a2d5effe350a4a27c3121", [tag: "1.4.7"]},
  "jsx": {:hex, :jsx, "2.9.0", "d2f6e5f069c00266cad52fb15d87c428579ea4d7d73a33669e12679e203329dd", [:mix, :rebar3], [], "hexpm"},
  "lager": {:hex, :lager, "3.6.7", "2fbf823944caa0fc10df5ec13f3f047524a249bb32f0d801b7900c9610264286", [:rebar3], [{:goldrush, "0.1.9", [hex: :goldrush, repo: "hexpm", optional: false]}], "hexpm"},
  "lager_syslog": {:git, "https://github.com/basho/lager_syslog", "126dd0284fcac9b01613189a82facf8d803411a2", [tag: "3.0.1"]},
  "neotoma": {:git, "https://github.com/basho/neotoma.git", "9e57d8ebd4ebb02c3e2428b08f3a01e2ff834ce2", [tag: "1.7.4"]},
  "pipe": {:git, "https://github.com/kfsm/pipe", "ef9a99f6685636ed1377153bb445cb9b6684152e", [branch: "master"]},
  "plists": {:git, "https://github.com/silviucpp/plists.git", "13f6c97bd432bfa493d93b279e7b90d22ff6971a", [tag: "1.1.2"]},
  "ranch": {:hex, :ranch, "1.5.0", "f04166f456790fee2ac1aa05a02745cc75783c2bfb26d39faf6aefc9a3d3a58a", [:rebar3], [], "hexpm"},
  "ssl_verify_fun": {:git, "https://github.com/deadtrickster/ssl_verify_fun.erl.git", "c5718226b0b9f3d1a38ef6ca3c3b4c75f53dda92", [tag: "1.1.4"]},
  "syslog": {:git, "git://github.com/Vagabond/erlang-syslog", "4a6c6f2c996483e86c1320e9553f91d337bcb6aa", [branch: "master"]},
  "uid": {:git, "https://github.com/fogfish/uid", "98c78dc78dfa1ae4d524dc28792c22e4f713f68d", [branch: "master"]},
}
